// !$*UTF8*$!
{
	archiveVersion = 1;
	classes = {
	};
	objectVersion = 56;
	objects = {

/* Begin PBXBuildFile section */
		D1E6B00229B6377000D6F6BF /* RecipeApp.swift in Sources */ = {isa = PBXBuildFile; fileRef = D1E6B00129B6377000D6F6BF /* RecipeApp.swift */; };
		D1E6B00429B6377000D6F6BF /* ContentView.swift in Sources */ = {isa = PBXBuildFile; fileRef = D1E6B00329B6377000D6F6BF /* ContentView.swift */; };
		D1E6B00629B6377300D6F6BF /* Assets.xcassets in Resources */ = {isa = PBXBuildFile; fileRef = D1E6B00529B6377300D6F6BF /* Assets.xcassets */; };
		D1E6B00929B6377300D6F6BF /* Preview Assets.xcassets in Resources */ = {isa = PBXBuildFile; fileRef = D1E6B00829B6377300D6F6BF /* Preview Assets.xcassets */; };
		D1E6B01729B6381200D6F6BF /* HomeView.swift in Sources */ = {isa = PBXBuildFile; fileRef = D1E6B01629B6381200D6F6BF /* HomeView.swift */; };
		D1E6B01929B6382400D6F6BF /* CategoriesView.swift in Sources */ = {isa = PBXBuildFile; fileRef = D1E6B01829B6382400D6F6BF /* CategoriesView.swift */; };
		D1E6B01B29B6383B00D6F6BF /* NewRecipeView.swift in Sources */ = {isa = PBXBuildFile; fileRef = D1E6B01A29B6383B00D6F6BF /* NewRecipeView.swift */; };
		D1E6B01D29B6384F00D6F6BF /* FavoritesView.swift in Sources */ = {isa = PBXBuildFile; fileRef = D1E6B01C29B6384F00D6F6BF /* FavoritesView.swift */; };
		D1E6B01F29B6385E00D6F6BF /* SettingsView.swift in Sources */ = {isa = PBXBuildFile; fileRef = D1E6B01E29B6385E00D6F6BF /* SettingsView.swift */; };
		D1E6B02129B63A6500D6F6BF /* TabBar.swift in Sources */ = {isa = PBXBuildFile; fileRef = D1E6B02029B63A6400D6F6BF /* TabBar.swift */; };
		D1E6B02329B6505100D6F6BF /* RecipeModel.swift in Sources */ = {isa = PBXBuildFile; fileRef = D1E6B02229B6505100D6F6BF /* RecipeModel.swift */; };
		D1E6B02529B6584B00D6F6BF /* RecipeCard.swift in Sources */ = {isa = PBXBuildFile; fileRef = D1E6B02429B6584B00D6F6BF /* RecipeCard.swift */; };
		D1E6B02729B6938100D6F6BF /* RecipeList.swift in Sources */ = {isa = PBXBuildFile; fileRef = D1E6B02629B6938100D6F6BF /* RecipeList.swift */; };
		D1E6B02929B6999F00D6F6BF /* RecipeView.swift in Sources */ = {isa = PBXBuildFile; fileRef = D1E6B02829B6999F00D6F6BF /* RecipeView.swift */; };
/* End PBXBuildFile section */

/* Begin PBXFileReference section */
		D1E6AFFE29B6377000D6F6BF /* Recipe.app */ = {isa = PBXFileReference; explicitFileType = wrapper.application; includeInIndex = 0; path = Recipe.app; sourceTree = BUILT_PRODUCTS_DIR; };
		D1E6B00129B6377000D6F6BF /* RecipeApp.swift */ = {isa = PBXFileReference; lastKnownFileType = sourcecode.swift; path = RecipeApp.swift; sourceTree = "<group>"; };
		D1E6B00329B6377000D6F6BF /* ContentView.swift */ = {isa = PBXFileReference; lastKnownFileType = sourcecode.swift; path = ContentView.swift; sourceTree = "<group>"; };
		D1E6B00529B6377300D6F6BF /* Assets.xcassets */ = {isa = PBXFileReference; lastKnownFileType = folder.assetcatalog; path = Assets.xcassets; sourceTree = "<group>"; };
		D1E6B00829B6377300D6F6BF /* Preview Assets.xcassets */ = {isa = PBXFileReference; lastKnownFileType = folder.assetcatalog; path = "Preview Assets.xcassets"; sourceTree = "<group>"; };
		D1E6B01629B6381200D6F6BF /* HomeView.swift */ = {isa = PBXFileReference; lastKnownFileType = sourcecode.swift; path = HomeView.swift; sourceTree = "<group>"; };
		D1E6B01829B6382400D6F6BF /* CategoriesView.swift */ = {isa = PBXFileReference; lastKnownFileType = sourcecode.swift; path = CategoriesView.swift; sourceTree = "<group>"; };
		D1E6B01A29B6383B00D6F6BF /* NewRecipeView.swift */ = {isa = PBXFileReference; lastKnownFileType = sourcecode.swift; path = NewRecipeView.swift; sourceTree = "<group>"; };
		D1E6B01C29B6384F00D6F6BF /* FavoritesView.swift */ = {isa = PBXFileReference; lastKnownFileType = sourcecode.swift; path = FavoritesView.swift; sourceTree = "<group>"; };
		D1E6B01E29B6385E00D6F6BF /* SettingsView.swift */ = {isa = PBXFileReference; lastKnownFileType = sourcecode.swift; path = SettingsView.swift; sourceTree = "<group>"; };
		D1E6B02029B63A6400D6F6BF /* TabBar.swift */ = {isa = PBXFileReference; lastKnownFileType = sourcecode.swift; path = TabBar.swift; sourceTree = "<group>"; };
		D1E6B02229B6505100D6F6BF /* RecipeModel.swift */ = {isa = PBXFileReference; lastKnownFileType = sourcecode.swift; path = RecipeModel.swift; sourceTree = "<group>"; };
		D1E6B02429B6584B00D6F6BF /* RecipeCard.swift */ = {isa = PBXFileReference; lastKnownFileType = sourcecode.swift; path = RecipeCard.swift; sourceTree = "<group>"; };
		D1E6B02629B6938100D6F6BF /* RecipeList.swift */ = {isa = PBXFileReference; lastKnownFileType = sourcecode.swift; path = RecipeList.swift; sourceTree = "<group>"; };
		D1E6B02829B6999F00D6F6BF /* RecipeView.swift */ = {isa = PBXFileReference; lastKnownFileType = sourcecode.swift; path = RecipeView.swift; sourceTree = "<group>"; };
/* End PBXFileReference section */

/* Begin PBXFrameworksBuildPhase section */
		D1E6AFFB29B6377000D6F6BF /* Frameworks */ = {
			isa = PBXFrameworksBuildPhase;
			buildActionMask = 2147483647;
			files = (
			);
			runOnlyForDeploymentPostprocessing = 0;
		};
/* End PBXFrameworksBuildPhase section */

/* Begin PBXGroup section */
		D1E6AFF529B6377000D6F6BF = {
			isa = PBXGroup;
			children = (
				D1E6B00029B6377000D6F6BF /* Recipe */,
				D1E6AFFF29B6377000D6F6BF /* Products */,
			);
			sourceTree = "<group>";
		};
		D1E6AFFF29B6377000D6F6BF /* Products */ = {
			isa = PBXGroup;
			children = (
				D1E6AFFE29B6377000D6F6BF /* Recipe.app */,
			);
			name = Products;
			sourceTree = "<group>";
		};
		D1E6B00029B6377000D6F6BF /* Recipe */ = {
			isa = PBXGroup;
			children = (
				D1E6B01229B637A900D6F6BF /* Models */,
				D1E6B01129B637A200D6F6BF /* Views */,
				D1E6B01029B6378D00D6F6BF /* ViewModels */,
				D1E6B00129B6377000D6F6BF /* RecipeApp.swift */,
				D1E6B00529B6377300D6F6BF /* Assets.xcassets */,
				D1E6B00729B6377300D6F6BF /* Preview Content */,
			);
			path = Recipe;
			sourceTree = "<group>";
		};
		D1E6B00729B6377300D6F6BF /* Preview Content */ = {
			isa = PBXGroup;
			children = (
				D1E6B00829B6377300D6F6BF /* Preview Assets.xcassets */,
			);
			path = "Preview Content";
			sourceTree = "<group>";
		};
		D1E6B01029B6378D00D6F6BF /* ViewModels */ = {
			isa = PBXGroup;
			children = (
			);
			path = ViewModels;
			sourceTree = "<group>";
		};
		D1E6B01129B637A200D6F6BF /* Views */ = {
			isa = PBXGroup;
			children = (
				D1E6B01529B637DC00D6F6BF /* Components */,
				D1E6B01429B637D300D6F6BF /* Detail */,
				D1E6B01329B637CD00D6F6BF /* Main */,
			);
			path = Views;
			sourceTree = "<group>";
		};
		D1E6B01229B637A900D6F6BF /* Models */ = {
			isa = PBXGroup;
			children = (
				D1E6B02229B6505100D6F6BF /* RecipeModel.swift */,
			);
			path = Models;
			sourceTree = "<group>";
		};
		D1E6B01329B637CD00D6F6BF /* Main */ = {
			isa = PBXGroup;
			children = (
				D1E6B00329B6377000D6F6BF /* ContentView.swift */,
				D1E6B01629B6381200D6F6BF /* HomeView.swift */,
				D1E6B01829B6382400D6F6BF /* CategoriesView.swift */,
				D1E6B01A29B6383B00D6F6BF /* NewRecipeView.swift */,
				D1E6B01C29B6384F00D6F6BF /* FavoritesView.swift */,
				D1E6B01E29B6385E00D6F6BF /* SettingsView.swift */,
				D1E6B02029B63A6400D6F6BF /* TabBar.swift */,
			);
			path = Main;
			sourceTree = "<group>";
		};
		D1E6B01429B637D300D6F6BF /* Detail */ = {
			isa = PBXGroup;
			children = (
				D1E6B02829B6999F00D6F6BF /* RecipeView.swift */,
			);
			path = Detail;
			sourceTree = "<group>";
		};
		D1E6B01529B637DC00D6F6BF /* Components */ = {
			isa = PBXGroup;
			children = (
				D1E6B02429B6584B00D6F6BF /* RecipeCard.swift */,
				D1E6B02629B6938100D6F6BF /* RecipeList.swift */,
			);
			path = Components;
			sourceTree = "<group>";
		};
/* End PBXGroup section */

/* Begin PBXNativeTarget section */
		D1E6AFFD29B6377000D6F6BF /* Recipe */ = {
			isa = PBXNativeTarget;
			buildConfigurationList = D1E6B00C29B6377300D6F6BF /* Build configuration list for PBXNativeTarget "Recipe" */;
			buildPhases = (
				D1E6AFFA29B6377000D6F6BF /* Sources */,
				D1E6AFFB29B6377000D6F6BF /* Frameworks */,
				D1E6AFFC29B6377000D6F6BF /* Resources */,
			);
			buildRules = (
			);
			dependencies = (
			);
			name = Recipe;
			productName = Recipe;
			productReference = D1E6AFFE29B6377000D6F6BF /* Recipe.app */;
			productType = "com.apple.product-type.application";
		};
/* End PBXNativeTarget section */

/* Begin PBXProject section */
		D1E6AFF629B6377000D6F6BF /* Project object */ = {
			isa = PBXProject;
			attributes = {
				BuildIndependentTargetsInParallel = 1;
				LastSwiftUpdateCheck = 1420;
				LastUpgradeCheck = 1420;
				TargetAttributes = {
					D1E6AFFD29B6377000D6F6BF = {
						CreatedOnToolsVersion = 14.2;
					};
				};
			};
			buildConfigurationList = D1E6AFF929B6377000D6F6BF /* Build configuration list for PBXProject "Recipe" */;
			compatibilityVersion = "Xcode 14.0";
			developmentRegion = en;
			hasScannedForEncodings = 0;
			knownRegions = (
				en,
				Base,
			);
			mainGroup = D1E6AFF529B6377000D6F6BF;
			productRefGroup = D1E6AFFF29B6377000D6F6BF /* Products */;
			projectDirPath = "";
			projectRoot = "";
			targets = (
				D1E6AFFD29B6377000D6F6BF /* Recipe */,
			);
		};
/* End PBXProject section */

/* Begin PBXResourcesBuildPhase section */
		D1E6AFFC29B6377000D6F6BF /* Resources */ = {
			isa = PBXResourcesBuildPhase;
			buildActionMask = 2147483647;
			files = (
				D1E6B00929B6377300D6F6BF /* Preview Assets.xcassets in Resources */,
				D1E6B00629B6377300D6F6BF /* Assets.xcassets in Resources */,
			);
			runOnlyForDeploymentPostprocessing = 0;
		};
/* End PBXResourcesBuildPhase section */

/* Begin PBXSourcesBuildPhase section */
		D1E6AFFA29B6377000D6F6BF /* Sources */ = {
			isa = PBXSourcesBuildPhase;
			buildActionMask = 2147483647;
			files = (
				D1E6B01F29B6385E00D6F6BF /* SettingsView.swift in Sources */,
				D1E6B02529B6584B00D6F6BF /* RecipeCard.swift in Sources */,
				D1E6B01929B6382400D6F6BF /* CategoriesView.swift in Sources */,
				D1E6B01B29B6383B00D6F6BF /* NewRecipeView.swift in Sources */,
				D1E6B02129B63A6500D6F6BF /* TabBar.swift in Sources */,
				D1E6B01D29B6384F00D6F6BF /* FavoritesView.swift in Sources */,
				D1E6B02929B6999F00D6F6BF /* RecipeView.swift in Sources */,
				D1E6B02729B6938100D6F6BF /* RecipeList.swift in Sources */,
				D1E6B01729B6381200D6F6BF /* HomeView.swift in Sources */,
				D1E6B00429B6377000D6F6BF /* ContentView.swift in Sources */,
				D1E6B00229B6377000D6F6BF /* RecipeApp.swift in Sources */,
				D1E6B02329B6505100D6F6BF /* RecipeModel.swift in Sources */,
			);
			runOnlyForDeploymentPostprocessing = 0;
		};
/* End PBXSourcesBuildPhase section */

/* Begin XCBuildConfiguration section */
		D1E6B00A29B6377300D6F6BF /* Debug */ = {
			isa = XCBuildConfiguration;
			buildSettings = {
				ALWAYS_SEARCH_USER_PATHS = NO;
				CLANG_ANALYZER_NONNULL = YES;
				CLANG_ANALYZER_NUMBER_OBJECT_CONVERSION = YES_AGGRESSIVE;
				CLANG_CXX_LANGUAGE_STANDARD = "gnu++20";
				CLANG_ENABLE_MODULES = YES;
				CLANG_ENABLE_OBJC_ARC = YES;
				CLANG_ENABLE_OBJC_WEAK = YES;
				CLANG_WARN_BLOCK_CAPTURE_AUTORELEASING = YES;
				CLANG_WARN_BOOL_CONVERSION = YES;
				CLANG_WARN_COMMA = YES;
				CLANG_WARN_CONSTANT_CONVERSION = YES;
				CLANG_WARN_DEPRECATED_OBJC_IMPLEMENTATIONS = YES;
				CLANG_WARN_DIRECT_OBJC_ISA_USAGE = YES_ERROR;
				CLANG_WARN_DOCUMENTATION_COMMENTS = YES;
				CLANG_WARN_EMPTY_BODY = YES;
				CLANG_WARN_ENUM_CONVERSION = YES;
				CLANG_WARN_INFINITE_RECURSION = YES;
				CLANG_WARN_INT_CONVERSION = YES;
				CLANG_WARN_NON_LITERAL_NULL_CONVERSION = YES;
				CLANG_WARN_OBJC_IMPLICIT_RETAIN_SELF = YES;
				CLANG_WARN_OBJC_LITERAL_CONVERSION = YES;
				CLANG_WARN_OBJC_ROOT_CLASS = YES_ERROR;
				CLANG_WARN_QUOTED_INCLUDE_IN_FRAMEWORK_HEADER = YES;
				CLANG_WARN_RANGE_LOOP_ANALYSIS = YES;
				CLANG_WARN_STRICT_PROTOTYPES = YES;
				CLANG_WARN_SUSPICIOUS_MOVE = YES;
				CLANG_WARN_UNGUARDED_AVAILABILITY = YES_AGGRESSIVE;
				CLANG_WARN_UNREACHABLE_CODE = YES;
				CLANG_WARN__DUPLICATE_METHOD_MATCH = YES;
				COPY_PHASE_STRIP = NO;
				DEBUG_INFORMATION_FORMAT = dwarf;
				ENABLE_STRICT_OBJC_MSGSEND = YES;
				ENABLE_TESTABILITY = YES;
				GCC_C_LANGUAGE_STANDARD = gnu11;
				GCC_DYNAMIC_NO_PIC = NO;
				GCC_NO_COMMON_BLOCKS = YES;
				GCC_OPTIMIZATION_LEVEL = 0;
				GCC_PREPROCESSOR_DEFINITIONS = (
					"DEBUG=1",
					"$(inherited)",
				);
				GCC_WARN_64_TO_32_BIT_CONVERSION = YES;
				GCC_WARN_ABOUT_RETURN_TYPE = YES_ERROR;
				GCC_WARN_UNDECLARED_SELECTOR = YES;
				GCC_WARN_UNINITIALIZED_AUTOS = YES_AGGRESSIVE;
				GCC_WARN_UNUSED_FUNCTION = YES;
				GCC_WARN_UNUSED_VARIABLE = YES;
				IPHONEOS_DEPLOYMENT_TARGET = 16.2;
				MTL_ENABLE_DEBUG_INFO = INCLUDE_SOURCE;
				MTL_FAST_MATH = YES;
				ONLY_ACTIVE_ARCH = YES;
				SDKROOT = iphoneos;
				SWIFT_ACTIVE_COMPILATION_CONDITIONS = DEBUG;
				SWIFT_OPTIMIZATION_LEVEL = "-Onone";
			};
			name = Debug;
		};
		D1E6B00B29B6377300D6F6BF /* Release */ = {
			isa = XCBuildConfiguration;
			buildSettings = {
				ALWAYS_SEARCH_USER_PATHS = NO;
				CLANG_ANALYZER_NONNULL = YES;
				CLANG_ANALYZER_NUMBER_OBJECT_CONVERSION = YES_AGGRESSIVE;
				CLANG_CXX_LANGUAGE_STANDARD = "gnu++20";
				CLANG_ENABLE_MODULES = YES;
				CLANG_ENABLE_OBJC_ARC = YES;
				CLANG_ENABLE_OBJC_WEAK = YES;
				CLANG_WARN_BLOCK_CAPTURE_AUTORELEASING = YES;
				CLANG_WARN_BOOL_CONVERSION = YES;
				CLANG_WARN_COMMA = YES;
				CLANG_WARN_CONSTANT_CONVERSION = YES;
				CLANG_WARN_DEPRECATED_OBJC_IMPLEMENTATIONS = YES;
				CLANG_WARN_DIRECT_OBJC_ISA_USAGE = YES_ERROR;
				CLANG_WARN_DOCUMENTATION_COMMENTS = YES;
				CLANG_WARN_EMPTY_BODY = YES;
				CLANG_WARN_ENUM_CONVERSION = YES;
				CLANG_WARN_INFINITE_RECURSION = YES;
				CLANG_WARN_INT_CONVERSION = YES;
				CLANG_WARN_NON_LITERAL_NULL_CONVERSION = YES;
				CLANG_WARN_OBJC_IMPLICIT_RETAIN_SELF = YES;
				CLANG_WARN_OBJC_LITERAL_CONVERSION = YES;
				CLANG_WARN_OBJC_ROOT_CLASS = YES_ERROR;
				CLANG_WARN_QUOTED_INCLUDE_IN_FRAMEWORK_HEADER = YES;
				CLANG_WARN_RANGE_LOOP_ANALYSIS = YES;
				CLANG_WARN_STRICT_PROTOTYPES = YES;
				CLANG_WARN_SUSPICIOUS_MOVE = YES;
				CLANG_WARN_UNGUARDED_AVAILABILITY = YES_AGGRESSIVE;
				CLANG_WARN_UNREACHABLE_CODE = YES;
				CLANG_WARN__DUPLICATE_METHOD_MATCH = YES;
				COPY_PHASE_STRIP = NO;
				DEBUG_INFORMATION_FORMAT = "dwarf-with-dsym";
				ENABLE_NS_ASSERTIONS = NO;
				ENABLE_STRICT_OBJC_MSGSEND = YES;
				GCC_C_LANGUAGE_STANDARD = gnu11;
				GCC_NO_COMMON_BLOCKS = YES;
				GCC_WARN_64_TO_32_BIT_CONVERSION = YES;
				GCC_WARN_ABOUT_RETURN_TYPE = YES_ERROR;
				GCC_WARN_UNDECLARED_SELECTOR = YES;
				GCC_WARN_UNINITIALIZED_AUTOS = YES_AGGRESSIVE;
				GCC_WARN_UNUSED_FUNCTION = YES;
				GCC_WARN_UNUSED_VARIABLE = YES;
				IPHONEOS_DEPLOYMENT_TARGET = 16.2;
				MTL_ENABLE_DEBUG_INFO = NO;
				MTL_FAST_MATH = YES;
				SDKROOT = iphoneos;
				SWIFT_COMPILATION_MODE = wholemodule;
				SWIFT_OPTIMIZATION_LEVEL = "-O";
				VALIDATE_PRODUCT = YES;
			};
			name = Release;
		};
		D1E6B00D29B6377300D6F6BF /* Debug */ = {
			isa = XCBuildConfiguration;
			buildSettings = {
				ASSETCATALOG_COMPILER_APPICON_NAME = AppIcon;
				ASSETCATALOG_COMPILER_GLOBAL_ACCENT_COLOR_NAME = AccentColor;
				CODE_SIGN_STYLE = Automatic;
				CURRENT_PROJECT_VERSION = 1;
				DEVELOPMENT_ASSET_PATHS = "\"Recipe/Preview Content\"";
				ENABLE_PREVIEWS = YES;
				GENERATE_INFOPLIST_FILE = YES;
				INFOPLIST_KEY_UIApplicationSceneManifest_Generation = YES;
				INFOPLIST_KEY_UIApplicationSupportsIndirectInputEvents = YES;
				INFOPLIST_KEY_UILaunchScreen_Generation = YES;
				INFOPLIST_KEY_UISupportedInterfaceOrientations_iPad = "UIInterfaceOrientationPortrait UIInterfaceOrientationPortraitUpsideDown UIInterfaceOrientationLandscapeLeft UIInterfaceOrientationLandscapeRight";
				INFOPLIST_KEY_UISupportedInterfaceOrientations_iPhone = "UIInterfaceOrientationPortrait UIInterfaceOrientationLandscapeLeft UIInterfaceOrientationLandscapeRight";
				LD_RUNPATH_SEARCH_PATHS = (
					"$(inherited)",
					"@executable_path/Frameworks",
				);
				MARKETING_VERSION = 1.0;
				PRODUCT_BUNDLE_IDENTIFIER = com.sarahloos.Recipe;
				PRODUCT_NAME = "$(TARGET_NAME)";
				SWIFT_EMIT_LOC_STRINGS = YES;
				SWIFT_VERSION = 5.0;
				TARGETED_DEVICE_FAMILY = "1,2";
			};
			name = Debug;
		};
		D1E6B00E29B6377300D6F6BF /* Release */ = {
			isa = XCBuildConfiguration;
			buildSettings = {
				ASSETCATALOG_COMPILER_APPICON_NAME = AppIcon;
				ASSETCATALOG_COMPILER_GLOBAL_ACCENT_COLOR_NAME = AccentColor;
				CODE_SIGN_STYLE = Automatic;
				CURRENT_PROJECT_VERSION = 1;
				DEVELOPMENT_ASSET_PATHS = "\"Recipe/Preview Content\"";
				ENABLE_PREVIEWS = YES;
				GENERATE_INFOPLIST_FILE = YES;
				INFOPLIST_KEY_UIApplicationSceneManifest_Generation = YES;
				INFOPLIST_KEY_UIApplicationSupportsIndirectInputEvents = YES;
				INFOPLIST_KEY_UILaunchScreen_Generation = YES;
				INFOPLIST_KEY_UISupportedInterfaceOrientations_iPad = "UIInterfaceOrientationPortrait UIInterfaceOrientationPortraitUpsideDown UIInterfaceOrientationLandscapeLeft UIInterfaceOrientationLandscapeRight";
				INFOPLIST_KEY_UISupportedInterfaceOrientations_iPhone = "UIInterfaceOrientationPortrait UIInterfaceOrientationLandscapeLeft UIInterfaceOrientationLandscapeRight";
				LD_RUNPATH_SEARCH_PATHS = (
					"$(inherited)",
					"@executable_path/Frameworks",
				);
				MARKETING_VERSION = 1.0;
				PRODUCT_BUNDLE_IDENTIFIER = com.sarahloos.Recipe;
				PRODUCT_NAME = "$(TARGET_NAME)";
				SWIFT_EMIT_LOC_STRINGS = YES;
				SWIFT_VERSION = 5.0;
				TARGETED_DEVICE_FAMILY = "1,2";
			};
			name = Release;
		};
/* End XCBuildConfiguration section */

/* Begin XCConfigurationList section */
		D1E6AFF929B6377000D6F6BF /* Build configuration list for PBXProject "Recipe" */ = {
			isa = XCConfigurationList;
			buildConfigurations = (
				D1E6B00A29B6377300D6F6BF /* Debug */,
				D1E6B00B29B6377300D6F6BF /* Release */,
			);
			defaultConfigurationIsVisible = 0;
			defaultConfigurationName = Release;
		};
		D1E6B00C29B6377300D6F6BF /* Build configuration list for PBXNativeTarget "Recipe" */ = {
			isa = XCConfigurationList;
			buildConfigurations = (
				D1E6B00D29B6377300D6F6BF /* Debug */,
				D1E6B00E29B6377300D6F6BF /* Release */,
			);
			defaultConfigurationIsVisible = 0;
			defaultConfigurationName = Release;
		};
/* End XCConfigurationList section */
	};
	rootObject = D1E6AFF629B6377000D6F6BF /* Project object */;
}
